
Microsoft Visual Studio Solution File, Format Version 12.00
# Visual Studio Version 17
VisualStudioVersion = 17.14.36221.1
MinimumVisualStudioVersion = 10.0.40219.1
Project("{FAE04EC0-301F-11D3-BF4B-00C04F79EFBC}") = "SistemaDeUsuarios", "SistemaDeUsuarios.csproj", "{8B8C1AAF-E331-4344-BF06-D4F47907F23A}"
EndProject
Global
	GlobalSection(SolutionConfigurationPlatforms) = preSolution
		Debug|Any CPU = Debug|Any CPU
		Release|Any CPU = Release|Any CPU
	EndGlobalSection
	GlobalSection(ProjectConfigurationPlatforms) = postSolution
		{8B8C1AAF-E331-4344-BF06-D4F47907F23A}.Debug|Any CPU.ActiveCfg = Debug|Any CPU
		{8B8C1AAF-E331-4344-BF06-D4F47907F23A}.Debug|Any CPU.Build.0 = Debug|Any CPU
		{8B8C1AAF-E331-4344-BF06-D4F47907F23A}.Release|Any CPU.ActiveCfg = Release|Any CPU
		{8B8C1AAF-E331-4344-BF06-D4F47907F23A}.Release|Any CPU.Build.0 = Release|Any CPU
	EndGlobalSection
	GlobalSection(SolutionProperties) = preSolution
		HideSolutionNode = FALSE
	EndGlobalSection
	GlobalSection(ExtensibilityGlobals) = postSolution
		SolutionGuid = {2DB3CE0E-274A-427B-B554-4EBB264BF019}
	EndGlobalSection
EndGlobal
